
Microsoft Visual Studio Solution File, Format Version 12.00
# Visual Studio Version 17
VisualStudioVersion = 17.8.34330.188
MinimumVisualStudioVersion = 10.0.40219.1
Project("{F184B08F-C81C-45F6-A57F-5ABD9991F28F}") = "summative assesment", "summative assesment.vbproj", "{1CE072F0-662A-4DF4-94D0-DA0B5C28B99B}"
EndProject
Global
	GlobalSection(SolutionConfigurationPlatforms) = preSolution
		Debug|Any CPU = Debug|Any CPU
		Release|Any CPU = Release|Any CPU
	EndGlobalSection
	GlobalSection(ProjectConfigurationPlatforms) = postSolution
		{1CE072F0-662A-4DF4-94D0-DA0B5C28B99B}.Debug|Any CPU.ActiveCfg = Debug|Any CPU
		{1CE072F0-662A-4DF4-94D0-DA0B5C28B99B}.Debug|Any CPU.Build.0 = Debug|Any CPU
		{1CE072F0-662A-4DF4-94D0-DA0B5C28B99B}.Release|Any CPU.ActiveCfg = Release|Any CPU
		{1CE072F0-662A-4DF4-94D0-DA0B5C28B99B}.Release|Any CPU.Build.0 = Release|Any CPU
	EndGlobalSection
	GlobalSection(SolutionProperties) = preSolution
		HideSolutionNode = FALSE
	EndGlobalSection
	GlobalSection(ExtensibilityGlobals) = postSolution
		SolutionGuid = {FA6C0528-4EA9-43B4-89B5-EEBF5814E33E}
	EndGlobalSection
EndGlobal
